
Microsoft Visual Studio Solution File, Format Version 12.00
# Visual Studio Express 2012 for Windows Desktop
Project("{FAE04EC0-301F-11D3-BF4B-00C04F79EFBC}") = "StorefrontPostProcess", "StorefrontPostProcess.csproj", "{4693FE00-9600-4349-A79F-588A348AABDE}"
EndProject
Global
	GlobalSection(SolutionConfigurationPlatforms) = preSolution
		Debug|Any CPU = Debug|Any CPU
		Release|Any CPU = Release|Any CPU
	EndGlobalSection
	GlobalSection(ProjectConfigurationPlatforms) = postSolution
		{4693FE00-9600-4349-A79F-588A348AABDE}.Debug|Any CPU.ActiveCfg = Debug|Any CPU
		{4693FE00-9600-4349-A79F-588A348AABDE}.Debug|Any CPU.Build.0 = Debug|Any CPU
		{4693FE00-9600-4349-A79F-588A348AABDE}.Release|Any CPU.ActiveCfg = Release|Any CPU
		{4693FE00-9600-4349-A79F-588A348AABDE}.Release|Any CPU.Build.0 = Release|Any CPU
	EndGlobalSection
	GlobalSection(SolutionProperties) = preSolution
		HideSolutionNode = FALSE
	EndGlobalSection
EndGlobal
